
Microsoft Visual Studio Solution File, Format Version 12.00
# Visual Studio Version 17
VisualStudioVersion = 17.13.35931.197
MinimumVisualStudioVersion = 10.0.40219.1
Project("{FAE04EC0-301F-11D3-BF4B-00C04F79EFBC}") = "Hotel_System", "Hotel_System.csproj", "{799D53CC-FDD3-40B5-80EE-E2E6918526BF}"
EndProject
Global
	GlobalSection(SolutionConfigurationPlatforms) = preSolution
		Debug|Any CPU = Debug|Any CPU
		Release|Any CPU = Release|Any CPU
	EndGlobalSection
	GlobalSection(ProjectConfigurationPlatforms) = postSolution
		{799D53CC-FDD3-40B5-80EE-E2E6918526BF}.Debug|Any CPU.ActiveCfg = Debug|Any CPU
		{799D53CC-FDD3-40B5-80EE-E2E6918526BF}.Debug|Any CPU.Build.0 = Debug|Any CPU
		{799D53CC-FDD3-40B5-80EE-E2E6918526BF}.Release|Any CPU.ActiveCfg = Release|Any CPU
		{799D53CC-FDD3-40B5-80EE-E2E6918526BF}.Release|Any CPU.Build.0 = Release|Any CPU
	EndGlobalSection
	GlobalSection(SolutionProperties) = preSolution
		HideSolutionNode = FALSE
	EndGlobalSection
	GlobalSection(ExtensibilityGlobals) = postSolution
		SolutionGuid = {3319F901-C1E4-4B46-AD77-9A926B3F9F82}
	EndGlobalSection
EndGlobal
